
Microsoft Visual Studio Solution File, Format Version 12.00
# Visual Studio Version 17
VisualStudioVersion = 17.1.32210.238
MinimumVisualStudioVersion = 10.0.40219.1
Project("{9A19103F-16F7-4668-BE54-9A1E7A4F7556}") = "ShoppingFreely.DAL", "ShoppingFreely.DAL\ShoppingFreely.DAL.csproj", "{4F7244E0-D99C-4703-8A0B-52735EDD7675}"
EndProject
Project("{9A19103F-16F7-4668-BE54-9A1E7A4F7556}") = "ShoppingFreely.Entities", "ShoppingFreely.Entities\ShoppingFreely.Entities.csproj", "{04082D06-D7D9-4B5D-86EF-DFFBE3CF8FBD}"
EndProject
Project("{9A19103F-16F7-4668-BE54-9A1E7A4F7556}") = "ShoppingFreely.Core", "ShoppingFreely.Core\ShoppingFreely.Core.csproj", "{97792C7E-0F4C-4541-8C58-93A51749C4B6}"
EndProject
Project("{9A19103F-16F7-4668-BE54-9A1E7A4F7556}") = "ShoppingFreely.BLL", "ShoppingFreely.BLL\ShoppingFreely.BLL.csproj", "{6CEF3BBC-1FDC-4C71-A876-91189B056A6B}"
EndProject
Project("{9A19103F-16F7-4668-BE54-9A1E7A4F7556}") = "ShoppingFreely.UI.MVC", "ShoppingFreely.UI.MVC\ShoppingFreely.UI.MVC.csproj", "{63EF63B3-5B32-48B7-84D7-DF928506BBCA}"
EndProject
Project("{FAE04EC0-301F-11D3-BF4B-00C04F79EFBC}") = "ShoppingFreelyMVC", "ShoppingFreelyMVC\ShoppingFreelyMVC.csproj", "{AD2DCA37-5C51-4092-8DA6-A9278B029F09}"
EndProject
Global
	GlobalSection(SolutionConfigurationPlatforms) = preSolution
		Debug|Any CPU = Debug|Any CPU
		Release|Any CPU = Release|Any CPU
	EndGlobalSection
	GlobalSection(ProjectConfigurationPlatforms) = postSolution
		{4F7244E0-D99C-4703-8A0B-52735EDD7675}.Debug|Any CPU.ActiveCfg = Debug|Any CPU
		{4F7244E0-D99C-4703-8A0B-52735EDD7675}.Debug|Any CPU.Build.0 = Debug|Any CPU
		{4F7244E0-D99C-4703-8A0B-52735EDD7675}.Release|Any CPU.ActiveCfg = Release|Any CPU
		{4F7244E0-D99C-4703-8A0B-52735EDD7675}.Release|Any CPU.Build.0 = Release|Any CPU
		{04082D06-D7D9-4B5D-86EF-DFFBE3CF8FBD}.Debug|Any CPU.ActiveCfg = Debug|Any CPU
		{04082D06-D7D9-4B5D-86EF-DFFBE3CF8FBD}.Debug|Any CPU.Build.0 = Debug|Any CPU
		{04082D06-D7D9-4B5D-86EF-DFFBE3CF8FBD}.Release|Any CPU.ActiveCfg = Release|Any CPU
		{04082D06-D7D9-4B5D-86EF-DFFBE3CF8FBD}.Release|Any CPU.Build.0 = Release|Any CPU
		{97792C7E-0F4C-4541-8C58-93A51749C4B6}.Debug|Any CPU.ActiveCfg = Debug|Any CPU
		{97792C7E-0F4C-4541-8C58-93A51749C4B6}.Debug|Any CPU.Build.0 = Debug|Any CPU
		{97792C7E-0F4C-4541-8C58-93A51749C4B6}.Release|Any CPU.ActiveCfg = Release|Any CPU
		{97792C7E-0F4C-4541-8C58-93A51749C4B6}.Release|Any CPU.Build.0 = Release|Any CPU
		{6CEF3BBC-1FDC-4C71-A876-91189B056A6B}.Debug|Any CPU.ActiveCfg = Debug|Any CPU
		{6CEF3BBC-1FDC-4C71-A876-91189B056A6B}.Debug|Any CPU.Build.0 = Debug|Any CPU
		{6CEF3BBC-1FDC-4C71-A876-91189B056A6B}.Release|Any CPU.ActiveCfg = Release|Any CPU
		{6CEF3BBC-1FDC-4C71-A876-91189B056A6B}.Release|Any CPU.Build.0 = Release|Any CPU
		{63EF63B3-5B32-48B7-84D7-DF928506BBCA}.Debug|Any CPU.ActiveCfg = Debug|Any CPU
		{63EF63B3-5B32-48B7-84D7-DF928506BBCA}.Debug|Any CPU.Build.0 = Debug|Any CPU
		{63EF63B3-5B32-48B7-84D7-DF928506BBCA}.Release|Any CPU.ActiveCfg = Release|Any CPU
		{63EF63B3-5B32-48B7-84D7-DF928506BBCA}.Release|Any CPU.Build.0 = Release|Any CPU
		{AD2DCA37-5C51-4092-8DA6-A9278B029F09}.Debug|Any CPU.ActiveCfg = Debug|Any CPU
		{AD2DCA37-5C51-4092-8DA6-A9278B029F09}.Debug|Any CPU.Build.0 = Debug|Any CPU
		{AD2DCA37-5C51-4092-8DA6-A9278B029F09}.Release|Any CPU.ActiveCfg = Release|Any CPU
		{AD2DCA37-5C51-4092-8DA6-A9278B029F09}.Release|Any CPU.Build.0 = Release|Any CPU
	EndGlobalSection
	GlobalSection(SolutionProperties) = preSolution
		HideSolutionNode = FALSE
	EndGlobalSection
	GlobalSection(ExtensibilityGlobals) = postSolution
		SolutionGuid = {CFA63605-0E04-4BB4-A22E-E64A0F447F95}
	EndGlobalSection
EndGlobal
